// !$*UTF8*$!
{
	archiveVersion = 1;
	classes = {
	};
	objectVersion = 48;
	objects = {

/* Begin PBXBuildFile section */
		5A65918291D1A8DD7F871D0A /* libPods-GDNetwork.a in Frameworks */ = {isa = PBXBuildFile; fileRef = 11B792FE9ECD74CFD389397A /* libPods-GDNetwork.a */; };
		CE4FEAFC1FC7AE27009B7B09 /* GDNetworkManager.m in Sources */ = {isa = PBXBuildFile; fileRef = CE4FEAFB1FC7AE27009B7B09 /* GDNetworkManager.m */; };
		CE835AA61FC573480066714F /* AppDelegate.m in Sources */ = {isa = PBXBuildFile; fileRef = CE835AA51FC573480066714F /* AppDelegate.m */; };
		CE835AA91FC573490066714F /* ViewController.m in Sources */ = {isa = PBXBuildFile; fileRef = CE835AA81FC573490066714F /* ViewController.m */; };
		CE835AAC1FC573490066714F /* Main.storyboard in Resources */ = {isa = PBXBuildFile; fileRef = CE835AAA1FC573490066714F /* Main.storyboard */; };
		CE835AAE1FC573490066714F /* Assets.xcassets in Resources */ = {isa = PBXBuildFile; fileRef = CE835AAD1FC573490066714F /* Assets.xcassets */; };
		CE835AB11FC573490066714F /* LaunchScreen.storyboard in Resources */ = {isa = PBXBuildFile; fileRef = CE835AAF1FC573490066714F /* LaunchScreen.storyboard */; };
		CE835AB41FC573490066714F /* main.m in Sources */ = {isa = PBXBuildFile; fileRef = CE835AB31FC573490066714F /* main.m */; };
		CE835ABD1FC573900066714F /* GDBaseRequest.m in Sources */ = {isa = PBXBuildFile; fileRef = CE835ABC1FC573900066714F /* GDBaseRequest.m */; };
/* End PBXBuildFile section */

/* Begin PBXFileReference section */
		11B792FE9ECD74CFD389397A /* libPods-GDNetwork.a */ = {isa = PBXFileReference; explicitFileType = archive.ar; includeInIndex = 0; path = "libPods-GDNetwork.a"; sourceTree = BUILT_PRODUCTS_DIR; };
		A4C00A44B8F82DDF9D256337 /* Pods-GDNetwork.release.xcconfig */ = {isa = PBXFileReference; includeInIndex = 1; lastKnownFileType = text.xcconfig; name = "Pods-GDNetwork.release.xcconfig"; path = "Pods/Target Support Files/Pods-GDNetwork/Pods-GDNetwork.release.xcconfig"; sourceTree = "<group>"; };
		C5D5A0D21C43E9B16101750B /* Pods-GDNetwork.debug.xcconfig */ = {isa = PBXFileReference; includeInIndex = 1; lastKnownFileType = text.xcconfig; name = "Pods-GDNetwork.debug.xcconfig"; path = "Pods/Target Support Files/Pods-GDNetwork/Pods-GDNetwork.debug.xcconfig"; sourceTree = "<group>"; };
		CE4FEAFA1FC7AE27009B7B09 /* GDNetworkManager.h */ = {isa = PBXFileReference; lastKnownFileType = sourcecode.c.h; path = GDNetworkManager.h; sourceTree = "<group>"; };
		CE4FEAFB1FC7AE27009B7B09 /* GDNetworkManager.m */ = {isa = PBXFileReference; lastKnownFileType = sourcecode.c.objc; path = GDNetworkManager.m; sourceTree = "<group>"; };
		CE835AA11FC573480066714F /* GDNetwork.app */ = {isa = PBXFileReference; explicitFileType = wrapper.application; includeInIndex = 0; path = GDNetwork.app; sourceTree = BUILT_PRODUCTS_DIR; };
		CE835AA41FC573480066714F /* AppDelegate.h */ = {isa = PBXFileReference; lastKnownFileType = sourcecode.c.h; path = AppDelegate.h; sourceTree = "<group>"; };
		CE835AA51FC573480066714F /* AppDelegate.m */ = {isa = PBXFileReference; lastKnownFileType = sourcecode.c.objc; path = AppDelegate.m; sourceTree = "<group>"; };
		CE835AA71FC573490066714F /* ViewController.h */ = {isa = PBXFileReference; lastKnownFileType = sourcecode.c.h; path = ViewController.h; sourceTree = "<group>"; };
		CE835AA81FC573490066714F /* ViewController.m */ = {isa = PBXFileReference; lastKnownFileType = sourcecode.c.objc; path = ViewController.m; sourceTree = "<group>"; };
		CE835AAB1FC573490066714F /* Base */ = {isa = PBXFileReference; lastKnownFileType = file.storyboard; name = Base; path = Base.lproj/Main.storyboard; sourceTree = "<group>"; };
		CE835AAD1FC573490066714F /* Assets.xcassets */ = {isa = PBXFileReference; lastKnownFileType = folder.assetcatalog; path = Assets.xcassets; sourceTree = "<group>"; };
		CE835AB01FC573490066714F /* Base */ = {isa = PBXFileReference; lastKnownFileType = file.storyboard; name = Base; path = Base.lproj/LaunchScreen.storyboard; sourceTree = "<group>"; };
		CE835AB21FC573490066714F /* Info.plist */ = {isa = PBXFileReference; lastKnownFileType = text.plist.xml; path = Info.plist; sourceTree = "<group>"; };
		CE835AB31FC573490066714F /* main.m */ = {isa = PBXFileReference; lastKnownFileType = sourcecode.c.objc; path = main.m; sourceTree = "<group>"; };
		CE835ABB1FC573900066714F /* GDBaseRequest.h */ = {isa = PBXFileReference; lastKnownFileType = sourcecode.c.h; path = GDBaseRequest.h; sourceTree = "<group>"; };
		CE835ABC1FC573900066714F /* GDBaseRequest.m */ = {isa = PBXFileReference; lastKnownFileType = sourcecode.c.objc; path = GDBaseRequest.m; sourceTree = "<group>"; };
/* End PBXFileReference section */

/* Begin PBXFrameworksBuildPhase section */
		CE835A9E1FC573480066714F /* Frameworks */ = {
			isa = PBXFrameworksBuildPhase;
			buildActionMask = 2147483647;
			files = (
				5A65918291D1A8DD7F871D0A /* libPods-GDNetwork.a in Frameworks */,
			);
			runOnlyForDeploymentPostprocessing = 0;
		};
/* End PBXFrameworksBuildPhase section */

/* Begin PBXGroup section */
		2698ED7422E649C56DF77BD2 /* Pods */ = {
			isa = PBXGroup;
			children = (
				C5D5A0D21C43E9B16101750B /* Pods-GDNetwork.debug.xcconfig */,
				A4C00A44B8F82DDF9D256337 /* Pods-GDNetwork.release.xcconfig */,
			);
			name = Pods;
			sourceTree = "<group>";
		};
		96525BDEB1F36332547BCA9C /* Frameworks */ = {
			isa = PBXGroup;
			children = (
				11B792FE9ECD74CFD389397A /* libPods-GDNetwork.a */,
			);
			name = Frameworks;
			sourceTree = "<group>";
		};
		CE835A981FC573470066714F = {
			isa = PBXGroup;
			children = (
				CE835AA31FC573480066714F /* GDNetwork */,
				CE835AA21FC573480066714F /* Products */,
				2698ED7422E649C56DF77BD2 /* Pods */,
				96525BDEB1F36332547BCA9C /* Frameworks */,
			);
			sourceTree = "<group>";
		};
		CE835AA21FC573480066714F /* Products */ = {
			isa = PBXGroup;
			children = (
				CE835AA11FC573480066714F /* GDNetwork.app */,
			);
			name = Products;
			sourceTree = "<group>";
		};
		CE835AA31FC573480066714F /* GDNetwork */ = {
			isa = PBXGroup;
			children = (
				CE835ABA1FC573780066714F /* Class */,
				CE835AA41FC573480066714F /* AppDelegate.h */,
				CE835AA51FC573480066714F /* AppDelegate.m */,
				CE835AA71FC573490066714F /* ViewController.h */,
				CE835AA81FC573490066714F /* ViewController.m */,
				CE835AAA1FC573490066714F /* Main.storyboard */,
				CE835AAD1FC573490066714F /* Assets.xcassets */,
				CE835AAF1FC573490066714F /* LaunchScreen.storyboard */,
				CE835AB21FC573490066714F /* Info.plist */,
				CE835AB31FC573490066714F /* main.m */,
			);
			path = GDNetwork;
			sourceTree = "<group>";
		};
		CE835ABA1FC573780066714F /* Class */ = {
			isa = PBXGroup;
			children = (
				CE835ABB1FC573900066714F /* GDBaseRequest.h */,
				CE835ABC1FC573900066714F /* GDBaseRequest.m */,
				CE4FEAFA1FC7AE27009B7B09 /* GDNetworkManager.h */,
				CE4FEAFB1FC7AE27009B7B09 /* GDNetworkManager.m */,
			);
			path = Class;
			sourceTree = "<group>";
		};
/* End PBXGroup section */

/* Begin PBXNativeTarget section */
		CE835AA01FC573480066714F /* GDNetwork */ = {
			isa = PBXNativeTarget;
			buildConfigurationList = CE835AB71FC573490066714F /* Build configuration list for PBXNativeTarget "GDNetwork" */;
			buildPhases = (
				801B6FD52D607DAE07A49C40 /* [CP] Check Pods Manifest.lock */,
				CE835A9D1FC573480066714F /* Sources */,
				CE835A9E1FC573480066714F /* Frameworks */,
				CE835A9F1FC573480066714F /* Resources */,
				04E772604B275F07D88541A8 /* [CP] Embed Pods Frameworks */,
				1DA2CE05CF4DAC06EBFDEEC3 /* [CP] Copy Pods Resources */,
			);
			buildRules = (
			);
			dependencies = (
			);
			name = GDNetwork;
			productName = GDNetwork;
			productReference = CE835AA11FC573480066714F /* GDNetwork.app */;
			productType = "com.apple.product-type.application";
		};
/* End PBXNativeTarget section */

/* Begin PBXProject section */
		CE835A991FC573470066714F /* Project object */ = {
			isa = PBXProject;
			attributes = {
				LastUpgradeCheck = 0900;
				ORGANIZATIONNAME = GoDap;
				TargetAttributes = {
					CE835AA01FC573480066714F = {
						CreatedOnToolsVersion = 9.0;
						ProvisioningStyle = Automatic;
					};
				};
			};
			buildConfigurationList = CE835A9C1FC573470066714F /* Build configuration list for PBXProject "GDNetwork" */;
			compatibilityVersion = "Xcode 8.0";
			developmentRegion = en;
			hasScannedForEncodings = 0;
			knownRegions = (
				en,
				Base,
			);
			mainGroup = CE835A981FC573470066714F;
			productRefGroup = CE835AA21FC573480066714F /* Products */;
			projectDirPath = "";
			projectRoot = "";
			targets = (
				CE835AA01FC573480066714F /* GDNetwork */,
			);
		};
/* End PBXProject section */

/* Begin PBXResourcesBuildPhase section */
		CE835A9F1FC573480066714F /* Resources */ = {
			isa = PBXResourcesBuildPhase;
			buildActionMask = 2147483647;
			files = (
				CE835AB11FC573490066714F /* LaunchScreen.storyboard in Resources */,
				CE835AAE1FC573490066714F /* Assets.xcassets in Resources */,
				CE835AAC1FC573490066714F /* Main.storyboard in Resources */,
			);
			runOnlyForDeploymentPostprocessing = 0;
		};
/* End PBXResourcesBuildPhase section */

/* Begin PBXShellScriptBuildPhase section */
		04E772604B275F07D88541A8 /* [CP] Embed Pods Frameworks */ = {
			isa = PBXShellScriptBuildPhase;
			buildActionMask = 2147483647;
			files = (
			);
			inputPaths = (
			);
			name = "[CP] Embed Pods Frameworks";
			outputPaths = (
			);
			runOnlyForDeploymentPostprocessing = 0;
			shellPath = /bin/sh;
			shellScript = "\"${SRCROOT}/Pods/Target Support Files/Pods-GDNetwork/Pods-GDNetwork-frameworks.sh\"\n";
			showEnvVarsInLog = 0;
		};
		1DA2CE05CF4DAC06EBFDEEC3 /* [CP] Copy Pods Resources */ = {
			isa = PBXShellScriptBuildPhase;
			buildActionMask = 2147483647;
			files = (
			);
			inputPaths = (
			);
			name = "[CP] Copy Pods Resources";
			outputPaths = (
			);
			runOnlyForDeploymentPostprocessing = 0;
			shellPath = /bin/sh;
			shellScript = "\"${SRCROOT}/Pods/Target Support Files/Pods-GDNetwork/Pods-GDNetwork-resources.sh\"\n";
			showEnvVarsInLog = 0;
		};
		801B6FD52D607DAE07A49C40 /* [CP] Check Pods Manifest.lock */ = {
			isa = PBXShellScriptBuildPhase;
			buildActionMask = 2147483647;
			files = (
			);
			inputPaths = (
				"${PODS_PODFILE_DIR_PATH}/Podfile.lock",
				"${PODS_ROOT}/Manifest.lock",
			);
			name = "[CP] Check Pods Manifest.lock";
			outputPaths = (
				"$(DERIVED_FILE_DIR)/Pods-GDNetwork-checkManifestLockResult.txt",
			);
			runOnlyForDeploymentPostprocessing = 0;
			shellPath = /bin/sh;
			shellScript = "diff \"${PODS_PODFILE_DIR_PATH}/Podfile.lock\" \"${PODS_ROOT}/Manifest.lock\" > /dev/null\nif [ $? != 0 ] ; then\n    # print error to STDERR\n    echo \"error: The sandbox is not in sync with the Podfile.lock. Run 'pod install' or update your CocoaPods installation.\" >&2\n    exit 1\nfi\n# This output is used by Xcode 'outputs' to avoid re-running this script phase.\necho \"SUCCESS\" > \"${SCRIPT_OUTPUT_FILE_0}\"\n";
			showEnvVarsInLog = 0;
		};
/* End PBXShellScriptBuildPhase section */

/* Begin PBXSourcesBuildPhase section */
		CE835A9D1FC573480066714F /* Sources */ = {
			isa = PBXSourcesBuildPhase;
			buildActionMask = 2147483647;
			files = (
				CE835AA91FC573490066714F /* ViewController.m in Sources */,
				CE835ABD1FC573900066714F /* GDBaseRequest.m in Sources */,
				CE835AB41FC573490066714F /* main.m in Sources */,
				CE4FEAFC1FC7AE27009B7B09 /* GDNetworkManager.m in Sources */,
				CE835AA61FC573480066714F /* AppDelegate.m in Sources */,
			);
			runOnlyForDeploymentPostprocessing = 0;
		};
/* End PBXSourcesBuildPhase section */

/* Begin PBXVariantGroup section */
		CE835AAA1FC573490066714F /* Main.storyboard */ = {
			isa = PBXVariantGroup;
			children = (
				CE835AAB1FC573490066714F /* Base */,
			);
			name = Main.storyboard;
			sourceTree = "<group>";
		};
		CE835AAF1FC573490066714F /* LaunchScreen.storyboard */ = {
			isa = PBXVariantGroup;
			children = (
				CE835AB01FC573490066714F /* Base */,
			);
			name = LaunchScreen.storyboard;
			sourceTree = "<group>";
		};
/* End PBXVariantGroup section */

/* Begin XCBuildConfiguration section */
		CE835AB51FC573490066714F /* Debug */ = {
			isa = XCBuildConfiguration;
			buildSettings = {
				ALWAYS_SEARCH_USER_PATHS = NO;
				CLANG_ANALYZER_NONNULL = YES;
				CLANG_ANALYZER_NUMBER_OBJECT_CONVERSION = YES_AGGRESSIVE;
				CLANG_CXX_LANGUAGE_STANDARD = "gnu++14";
				CLANG_CXX_LIBRARY = "libc++";
				CLANG_ENABLE_MODULES = YES;
				CLANG_ENABLE_OBJC_ARC = YES;
				CLANG_WARN_BLOCK_CAPTURE_AUTORELEASING = YES;
				CLANG_WARN_BOOL_CONVERSION = YES;
				CLANG_WARN_COMMA = YES;
				CLANG_WARN_CONSTANT_CONVERSION = YES;
				CLANG_WARN_DIRECT_OBJC_ISA_USAGE = YES_ERROR;
				CLANG_WARN_DOCUMENTATION_COMMENTS = YES;
				CLANG_WARN_EMPTY_BODY = YES;
				CLANG_WARN_ENUM_CONVERSION = YES;
				CLANG_WARN_INFINITE_RECURSION = YES;
				CLANG_WARN_INT_CONVERSION = YES;
				CLANG_WARN_NON_LITERAL_NULL_CONVERSION = YES;
				CLANG_WARN_OBJC_LITERAL_CONVERSION = YES;
				CLANG_WARN_OBJC_ROOT_CLASS = YES_ERROR;
				CLANG_WARN_RANGE_LOOP_ANALYSIS = YES;
				CLANG_WARN_STRICT_PROTOTYPES = YES;
				CLANG_WARN_SUSPICIOUS_MOVE = YES;
				CLANG_WARN_UNGUARDED_AVAILABILITY = YES_AGGRESSIVE;
				CLANG_WARN_UNREACHABLE_CODE = YES;
				CLANG_WARN__DUPLICATE_METHOD_MATCH = YES;
				CODE_SIGN_IDENTITY = "iPhone Developer";
				COPY_PHASE_STRIP = NO;
				DEBUG_INFORMATION_FORMAT = dwarf;
				ENABLE_STRICT_OBJC_MSGSEND = YES;
				ENABLE_TESTABILITY = YES;
				GCC_C_LANGUAGE_STANDARD = gnu11;
				GCC_DYNAMIC_NO_PIC = NO;
				GCC_NO_COMMON_BLOCKS = YES;
				GCC_OPTIMIZATION_LEVEL = 0;
				GCC_PREPROCESSOR_DEFINITIONS = (
					"DEBUG=1",
					"$(inherited)",
				);
				GCC_WARN_64_TO_32_BIT_CONVERSION = YES;
				GCC_WARN_ABOUT_RETURN_TYPE = YES_ERROR;
				GCC_WARN_UNDECLARED_SELECTOR = YES;
				GCC_WARN_UNINITIALIZED_AUTOS = YES_AGGRESSIVE;
				GCC_WARN_UNUSED_FUNCTION = YES;
				GCC_WARN_UNUSED_VARIABLE = YES;
				IPHONEOS_DEPLOYMENT_TARGET = 11.0;
				MTL_ENABLE_DEBUG_INFO = YES;
				ONLY_ACTIVE_ARCH = YES;
				SDKROOT = iphoneos;
			};
			name = Debug;
		};
		CE835AB61FC573490066714F /* Release */ = {
			isa = XCBuildConfiguration;
			buildSettings = {
				ALWAYS_SEARCH_USER_PATHS = NO;
				CLANG_ANALYZER_NONNULL = YES;
				CLANG_ANALYZER_NUMBER_OBJECT_CONVERSION = YES_AGGRESSIVE;
				CLANG_CXX_LANGUAGE_STANDARD = "gnu++14";
				CLANG_CXX_LIBRARY = "libc++";
				CLANG_ENABLE_MODULES = YES;
				CLANG_ENABLE_OBJC_ARC = YES;
				CLANG_WARN_BLOCK_CAPTURE_AUTORELEASING = YES;
				CLANG_WARN_BOOL_CONVERSION = YES;
				CLANG_WARN_COMMA = YES;
				CLANG_WARN_CONSTANT_CONVERSION = YES;
				CLANG_WARN_DIRECT_OBJC_ISA_USAGE = YES_ERROR;
				CLANG_WARN_DOCUMENTATION_COMMENTS = YES;
				CLANG_WARN_EMPTY_BODY = YES;
				CLANG_WARN_ENUM_CONVERSION = YES;
				CLANG_WARN_INFINITE_RECURSION = YES;
				CLANG_WARN_INT_CONVERSION = YES;
				CLANG_WARN_NON_LITERAL_NULL_CONVERSION = YES;
				CLANG_WARN_OBJC_LITERAL_CONVERSION = YES;
				CLANG_WARN_OBJC_ROOT_CLASS = YES_ERROR;
				CLANG_WARN_RANGE_LOOP_ANALYSIS = YES;
				CLANG_WARN_STRICT_PROTOTYPES = YES;
				CLANG_WARN_SUSPICIOUS_MOVE = YES;
				CLANG_WARN_UNGUARDED_AVAILABILITY = YES_AGGRESSIVE;
				CLANG_WARN_UNREACHABLE_CODE = YES;
				CLANG_WARN__DUPLICATE_METHOD_MATCH = YES;
				CODE_SIGN_IDENTITY = "iPhone Developer";
				COPY_PHASE_STRIP = NO;
				DEBUG_INFORMATION_FORMAT = "dwarf-with-dsym";
				ENABLE_NS_ASSERTIONS = NO;
				ENABLE_STRICT_OBJC_MSGSEND = YES;
				GCC_C_LANGUAGE_STANDARD = gnu11;
				GCC_NO_COMMON_BLOCKS = YES;
				GCC_WARN_64_TO_32_BIT_CONVERSION = YES;
				GCC_WARN_ABOUT_RETURN_TYPE = YES_ERROR;
				GCC_WARN_UNDECLARED_SELECTOR = YES;
				GCC_WARN_UNINITIALIZED_AUTOS = YES_AGGRESSIVE;
				GCC_WARN_UNUSED_FUNCTION = YES;
				GCC_WARN_UNUSED_VARIABLE = YES;
				IPHONEOS_DEPLOYMENT_TARGET = 11.0;
				MTL_ENABLE_DEBUG_INFO = NO;
				SDKROOT = iphoneos;
				VALIDATE_PRODUCT = YES;
			};
			name = Release;
		};
		CE835AB81FC573490066714F /* Debug */ = {
			isa = XCBuildConfiguration;
			baseConfigurationReference = C5D5A0D21C43E9B16101750B /* Pods-GDNetwork.debug.xcconfig */;
			buildSettings = {
				ASSETCATALOG_COMPILER_APPICON_NAME = AppIcon;
				CODE_SIGN_STYLE = Automatic;
				DEVELOPMENT_TEAM = D7MQUB957A;
				INFOPLIST_FILE = GDNetwork/Info.plist;
				IPHONEOS_DEPLOYMENT_TARGET = 9.3;
				LD_RUNPATH_SEARCH_PATHS = "$(inherited) @executable_path/Frameworks";
				PRODUCT_BUNDLE_IDENTIFIER = me.dingtone.GDNetwork;
				PRODUCT_NAME = "$(TARGET_NAME)";
				TARGETED_DEVICE_FAMILY = "1,2";
			};
			name = Debug;
		};
		CE835AB91FC573490066714F /* Release */ = {
			isa = XCBuildConfiguration;
			baseConfigurationReference = A4C00A44B8F82DDF9D256337 /* Pods-GDNetwork.release.xcconfig */;
			buildSettings = {
				ASSETCATALOG_COMPILER_APPICON_NAME = AppIcon;
				CODE_SIGN_STYLE = Automatic;
				DEVELOPMENT_TEAM = D7MQUB957A;
				INFOPLIST_FILE = GDNetwork/Info.plist;
				IPHONEOS_DEPLOYMENT_TARGET = 9.3;
				LD_RUNPATH_SEARCH_PATHS = "$(inherited) @executable_path/Frameworks";
				PRODUCT_BUNDLE_IDENTIFIER = me.dingtone.GDNetwork;
				PRODUCT_NAME = "$(TARGET_NAME)";
				TARGETED_DEVICE_FAMILY = "1,2";
			};
			name = Release;
		};
/* End XCBuildConfiguration section */

/* Begin XCConfigurationList section */
		CE835A9C1FC573470066714F /* Build configuration list for PBXProject "GDNetwork" */ = {
			isa = XCConfigurationList;
			buildConfigurations = (
				CE835AB51FC573490066714F /* Debug */,
				CE835AB61FC573490066714F /* Release */,
			);
			defaultConfigurationIsVisible = 0;
			defaultConfigurationName = Release;
		};
		CE835AB71FC573490066714F /* Build configuration list for PBXNativeTarget "GDNetwork" */ = {
			isa = XCConfigurationList;
			buildConfigurations = (
				CE835AB81FC573490066714F /* Debug */,
				CE835AB91FC573490066714F /* Release */,
			);
			defaultConfigurationIsVisible = 0;
			defaultConfigurationName = Release;
		};
/* End XCConfigurationList section */
	};
	rootObject = CE835A991FC573470066714F /* Project object */;
}
